
Microsoft Visual Studio Solution File, Format Version 12.00
# Visual Studio Version 16
VisualStudioVersion = 16.0.34301.259
MinimumVisualStudioVersion = 10.0.40219.1
Project("{FAE04EC0-301F-11D3-BF4B-00C04F79EFBC}") = "TESZT1", "TESZT1\TESZT1.csproj", "{616D2341-74DF-4A8C-AAB9-4E61491B245D}"
EndProject
Global
	GlobalSection(SolutionConfigurationPlatforms) = preSolution
		Debug|Any CPU = Debug|Any CPU
		Release|Any CPU = Release|Any CPU
	EndGlobalSection
	GlobalSection(ProjectConfigurationPlatforms) = postSolution
		{616D2341-74DF-4A8C-AAB9-4E61491B245D}.Debug|Any CPU.ActiveCfg = Debug|Any CPU
		{616D2341-74DF-4A8C-AAB9-4E61491B245D}.Debug|Any CPU.Build.0 = Debug|Any CPU
		{616D2341-74DF-4A8C-AAB9-4E61491B245D}.Release|Any CPU.ActiveCfg = Release|Any CPU
		{616D2341-74DF-4A8C-AAB9-4E61491B245D}.Release|Any CPU.Build.0 = Release|Any CPU
	EndGlobalSection
	GlobalSection(SolutionProperties) = preSolution
		HideSolutionNode = FALSE
	EndGlobalSection
	GlobalSection(ExtensibilityGlobals) = postSolution
		SolutionGuid = {8D580B38-D2E5-49CA-906C-AC77AD786CC3}
	EndGlobalSection
EndGlobal
